{
  "requires": true,
  "lockfileVersion": 1,
  "dependencies": {
    "webmidi": {
      "version": "2.2.0",
      "resolved": "https://registry.npmjs.org/webmidi/-/webmidi-2.2.0.tgz",
      "integrity": "sha512-/HncJbftTyijTAhk/oKAZFBk5sE3UgWFlBUcd82YVEz1epAXMk0thXLpSKe3nGPR8V4R/LLBCbdzqQ9ZeBQOsw=="
    }
  }
}
