{
  "requires": true,
  "lockfileVersion": 1,
  "dependencies": {
    "webmidi": {
      "version": "2.3.0",
      "resolved": "https://registry.npmjs.org/webmidi/-/webmidi-2.3.0.tgz",
      "integrity": "sha512-oh0iajHNagY2EKiaoImxVKZdzFWpc/0tiSLtoaw9WcAiaKCuJbWqBtoPxNL0/Lt2Ym5Q2WGnEyo0Z6DT/sWKcA=="
    }
  }
}
